
Microsoft Visual Studio Solution File, Format Version 12.00
# Visual Studio Version 16
VisualStudioVersion = 16.0.30011.22
MinimumVisualStudioVersion = 10.0.40219.1
Project("{9A19103F-16F7-4668-BE54-9A1E7A4F7556}") = "TestsReport", "TestsReport.csproj", "{8C1EF7CC-4B5A-488D-BE86-A48A85243E21}"
EndProject
Global
	GlobalSection(SolutionConfigurationPlatforms) = preSolution
		Debug|Any CPU = Debug|Any CPU
		Release|Any CPU = Release|Any CPU
	EndGlobalSection
	GlobalSection(ProjectConfigurationPlatforms) = postSolution
		{8C1EF7CC-4B5A-488D-BE86-A48A85243E21}.Debug|Any CPU.ActiveCfg = Debug|Any CPU
		{8C1EF7CC-4B5A-488D-BE86-A48A85243E21}.Debug|Any CPU.Build.0 = Debug|Any CPU
		{8C1EF7CC-4B5A-488D-BE86-A48A85243E21}.Release|Any CPU.ActiveCfg = Release|Any CPU
		{8C1EF7CC-4B5A-488D-BE86-A48A85243E21}.Release|Any CPU.Build.0 = Release|Any CPU
	EndGlobalSection
	GlobalSection(SolutionProperties) = preSolution
		HideSolutionNode = FALSE
	EndGlobalSection
	GlobalSection(ExtensibilityGlobals) = postSolution
		SolutionGuid = {CB253DD3-E8BC-40A9-926C-8046B83E5AB4}
	EndGlobalSection
	GlobalSection(TeamFoundationVersionControl) = preSolution
		SccNumberOfProjects = 2
		SccEnterpriseProvider = {4CA58AB2-18FA-4F8D-95D4-32DDF27D184C}
		SccTeamFoundationServer = https://dev.azure.com/anthologyinc-01
		SccLocalPath0 = .
		SccProjectUniqueName1 = TestsReport.csproj
		SccLocalPath1 = .
	EndGlobalSection
EndGlobal
