
Microsoft Visual Studio Solution File, Format Version 12.00
# Visual Studio Version 16
VisualStudioVersion = 16.0.29306.81
MinimumVisualStudioVersion = 10.0.40219.1
Project("{FAE04EC0-301F-11D3-BF4B-00C04F79EFBC}") = "Cmc.Engage.UIAutomation", "Cmc.Engage.UIAutomation\Cmc.Engage.UIAutomation.csproj", "{DF27D7B4-2EF3-46A4-8787-EAEEBAF10690}"
EndProject
Project("{FAE04EC0-301F-11D3-BF4B-00C04F79EFBC}") = "Cmc.Engage.UIAutomation.Framework", "Cmc.Engage.UIAutomation.Framework\Cmc.Engage.UIAutomation.Framework.csproj", "{AB1D6E40-DF21-4646-BB42-7981826A4125}"
EndProject
Project("{FAE04EC0-301F-11D3-BF4B-00C04F79EFBC}") = "Cmc.Engage.UIAutomation.SpecFlow", "Cmc.Engage.UIAutomation.SpecFlow\Cmc.Engage.UIAutomation.SpecFlow.csproj", "{23864CA3-730C-4226-8928-3A059C36ADA3}"
EndProject
Project("{FAE04EC0-301F-11D3-BF4B-00C04F79EFBC}") = "Cmc.Engage.UIAutomation.SpecBindings", "Cmc.Engage.UIAutomation.SpecBindings\Cmc.Engage.UIAutomation.SpecBindings.csproj", "{DD7F6AE6-A7AA-4F5E-9B20-12F687C9D338}"
EndProject
Project("{2150E333-8FDC-42A3-9474-1A3956D46DE8}") = "Solution Items", "Solution Items", "{94A93540-9AEB-46EF-A67E-C972D5EEB577}"
	ProjectSection(SolutionItems) = preProject
		.editorconfig = .editorconfig
	EndProjectSection
EndProject
Global
	GlobalSection(SolutionConfigurationPlatforms) = preSolution
		Debug|Any CPU = Debug|Any CPU
		Release|Any CPU = Release|Any CPU
	EndGlobalSection
	GlobalSection(ProjectConfigurationPlatforms) = postSolution
		{DF27D7B4-2EF3-46A4-8787-EAEEBAF10690}.Debug|Any CPU.ActiveCfg = Debug|Any CPU
		{DF27D7B4-2EF3-46A4-8787-EAEEBAF10690}.Debug|Any CPU.Build.0 = Debug|Any CPU
		{DF27D7B4-2EF3-46A4-8787-EAEEBAF10690}.Release|Any CPU.ActiveCfg = Release|Any CPU
		{DF27D7B4-2EF3-46A4-8787-EAEEBAF10690}.Release|Any CPU.Build.0 = Release|Any CPU
		{AB1D6E40-DF21-4646-BB42-7981826A4125}.Debug|Any CPU.ActiveCfg = Debug|Any CPU
		{AB1D6E40-DF21-4646-BB42-7981826A4125}.Debug|Any CPU.Build.0 = Debug|Any CPU
		{AB1D6E40-DF21-4646-BB42-7981826A4125}.Release|Any CPU.ActiveCfg = Release|Any CPU
		{AB1D6E40-DF21-4646-BB42-7981826A4125}.Release|Any CPU.Build.0 = Release|Any CPU
		{23864CA3-730C-4226-8928-3A059C36ADA3}.Debug|Any CPU.ActiveCfg = Debug|Any CPU
		{23864CA3-730C-4226-8928-3A059C36ADA3}.Debug|Any CPU.Build.0 = Debug|Any CPU
		{23864CA3-730C-4226-8928-3A059C36ADA3}.Release|Any CPU.ActiveCfg = Release|Any CPU
		{23864CA3-730C-4226-8928-3A059C36ADA3}.Release|Any CPU.Build.0 = Release|Any CPU
		{DD7F6AE6-A7AA-4F5E-9B20-12F687C9D338}.Debug|Any CPU.ActiveCfg = Debug|Any CPU
		{DD7F6AE6-A7AA-4F5E-9B20-12F687C9D338}.Debug|Any CPU.Build.0 = Debug|Any CPU
		{DD7F6AE6-A7AA-4F5E-9B20-12F687C9D338}.Release|Any CPU.ActiveCfg = Release|Any CPU
		{DD7F6AE6-A7AA-4F5E-9B20-12F687C9D338}.Release|Any CPU.Build.0 = Release|Any CPU
	EndGlobalSection
	GlobalSection(SolutionProperties) = preSolution
		HideSolutionNode = FALSE
	EndGlobalSection
	GlobalSection(ExtensibilityGlobals) = postSolution
		SolutionGuid = {B79D3B29-5464-42C7-B602-DA66B5165756}
	EndGlobalSection
EndGlobal
