
Microsoft Visual Studio Solution File, Format Version 12.00
# Visual Studio Version 16
VisualStudioVersion = 16.0.29230.47
MinimumVisualStudioVersion = 10.0.40219.1
Project("{FAE04EC0-301F-11D3-BF4B-00C04F79EFBC}") = "IVPDataRetrieverWinApp", "IVPDataRetrieverWinApp\IVPDataRetrieverWinApp.csproj", "{31A78E69-E778-405D-A3F0-E42801AF03F9}"
EndProject
Project("{FAE04EC0-301F-11D3-BF4B-00C04F79EFBC}") = "IVPDataRetrieverConsoleApp", "IVPDataRetrieverConsoleApp\IVPDataRetrieverConsoleApp.csproj", "{E62B23FA-4306-4D58-A078-4D569677850B}"
EndProject
Project("{FAE04EC0-301F-11D3-BF4B-00C04F79EFBC}") = "IVPDataRetriever", "IVPDataRetriever\IVPDataRetriever.csproj", "{9FBA0296-51C3-4A24-AF34-841CEE303D8C}"
EndProject
Global
	GlobalSection(SolutionConfigurationPlatforms) = preSolution
		Debug|Any CPU = Debug|Any CPU
		Release|Any CPU = Release|Any CPU
	EndGlobalSection
	GlobalSection(ProjectConfigurationPlatforms) = postSolution
		{31A78E69-E778-405D-A3F0-E42801AF03F9}.Debug|Any CPU.ActiveCfg = Debug|Any CPU
		{31A78E69-E778-405D-A3F0-E42801AF03F9}.Debug|Any CPU.Build.0 = Debug|Any CPU
		{31A78E69-E778-405D-A3F0-E42801AF03F9}.Release|Any CPU.ActiveCfg = Release|Any CPU
		{31A78E69-E778-405D-A3F0-E42801AF03F9}.Release|Any CPU.Build.0 = Release|Any CPU
		{E62B23FA-4306-4D58-A078-4D569677850B}.Debug|Any CPU.ActiveCfg = Debug|Any CPU
		{E62B23FA-4306-4D58-A078-4D569677850B}.Debug|Any CPU.Build.0 = Debug|Any CPU
		{E62B23FA-4306-4D58-A078-4D569677850B}.Release|Any CPU.ActiveCfg = Release|Any CPU
		{E62B23FA-4306-4D58-A078-4D569677850B}.Release|Any CPU.Build.0 = Release|Any CPU
		{9FBA0296-51C3-4A24-AF34-841CEE303D8C}.Debug|Any CPU.ActiveCfg = Debug|Any CPU
		{9FBA0296-51C3-4A24-AF34-841CEE303D8C}.Debug|Any CPU.Build.0 = Debug|Any CPU
		{9FBA0296-51C3-4A24-AF34-841CEE303D8C}.Release|Any CPU.ActiveCfg = Release|Any CPU
		{9FBA0296-51C3-4A24-AF34-841CEE303D8C}.Release|Any CPU.Build.0 = Release|Any CPU
	EndGlobalSection
	GlobalSection(SolutionProperties) = preSolution
		HideSolutionNode = FALSE
	EndGlobalSection
	GlobalSection(ExtensibilityGlobals) = postSolution
		SolutionGuid = {73A96783-2111-4DD6-8455-9F6675091938}
	EndGlobalSection
EndGlobal
